
Microsoft Visual Studio Solution File, Format Version 11.00
# Visual C++ Express 2010
Project("{8BC9CEB8-8B4A-11D0-8D11-00A0C91BC942}") = "berkelium-cpp", "berkelium-cpp.vcxproj", "{5E909B96-0BEA-4946-B1E6-42B682C3D665}"
EndProject
Project("{8BC9CEB8-8B4A-11D0-8D11-00A0C91BC942}") = "demo1", "demo1.vcxproj", "{3817567A-84C6-4A6E-B59D-A3EEC9E0E1FE}"
	ProjectSection(ProjectDependencies) = postProject
		{5E909B96-0BEA-4946-B1E6-42B682C3D665} = {5E909B96-0BEA-4946-B1E6-42B682C3D665}
	EndProjectSection
EndProject
Global
	GlobalSection(SolutionConfigurationPlatforms) = preSolution
		Debug|Win32 = Debug|Win32
		Release|Win32 = Release|Win32
	EndGlobalSection
	GlobalSection(ProjectConfigurationPlatforms) = postSolution
		{5E909B96-0BEA-4946-B1E6-42B682C3D665}.Debug|Win32.ActiveCfg = Debug|Win32
		{5E909B96-0BEA-4946-B1E6-42B682C3D665}.Debug|Win32.Build.0 = Debug|Win32
		{5E909B96-0BEA-4946-B1E6-42B682C3D665}.Release|Win32.ActiveCfg = Release|Win32
		{5E909B96-0BEA-4946-B1E6-42B682C3D665}.Release|Win32.Build.0 = Release|Win32
		{3817567A-84C6-4A6E-B59D-A3EEC9E0E1FE}.Debug|Win32.ActiveCfg = Debug|Win32
		{3817567A-84C6-4A6E-B59D-A3EEC9E0E1FE}.Debug|Win32.Build.0 = Debug|Win32
		{3817567A-84C6-4A6E-B59D-A3EEC9E0E1FE}.Release|Win32.ActiveCfg = Release|Win32
		{3817567A-84C6-4A6E-B59D-A3EEC9E0E1FE}.Release|Win32.Build.0 = Release|Win32
	EndGlobalSection
	GlobalSection(SolutionProperties) = preSolution
		HideSolutionNode = FALSE
	EndGlobalSection
EndGlobal
